
Microsoft Visual Studio Solution File, Format Version 12.00
# Visual Studio Version 16
VisualStudioVersion = 16.0.32002.261
MinimumVisualStudioVersion = 10.0.40219.1
Project("{8BC9CEB8-8B4A-11D0-8D11-00A0C91BC942}") = "LinearSearch", "LinearSearch\LinearSearch.vcxproj", "{FB7EDF8D-1C1F-4F7E-B8B5-E9D239D9E393}"
EndProject
Global
	GlobalSection(SolutionConfigurationPlatforms) = preSolution
		Debug|x64 = Debug|x64
		Debug|x86 = Debug|x86
		Release|x64 = Release|x64
		Release|x86 = Release|x86
	EndGlobalSection
	GlobalSection(ProjectConfigurationPlatforms) = postSolution
		{FB7EDF8D-1C1F-4F7E-B8B5-E9D239D9E393}.Debug|x64.ActiveCfg = Debug|x64
		{FB7EDF8D-1C1F-4F7E-B8B5-E9D239D9E393}.Debug|x64.Build.0 = Debug|x64
		{FB7EDF8D-1C1F-4F7E-B8B5-E9D239D9E393}.Debug|x86.ActiveCfg = Debug|Win32
		{FB7EDF8D-1C1F-4F7E-B8B5-E9D239D9E393}.Debug|x86.Build.0 = Debug|Win32
		{FB7EDF8D-1C1F-4F7E-B8B5-E9D239D9E393}.Release|x64.ActiveCfg = Release|x64
		{FB7EDF8D-1C1F-4F7E-B8B5-E9D239D9E393}.Release|x64.Build.0 = Release|x64
		{FB7EDF8D-1C1F-4F7E-B8B5-E9D239D9E393}.Release|x86.ActiveCfg = Release|Win32
		{FB7EDF8D-1C1F-4F7E-B8B5-E9D239D9E393}.Release|x86.Build.0 = Release|Win32
	EndGlobalSection
	GlobalSection(SolutionProperties) = preSolution
		HideSolutionNode = FALSE
	EndGlobalSection
	GlobalSection(ExtensibilityGlobals) = postSolution
		SolutionGuid = {DBDDE18B-60CF-4BFF-8941-E294B11FD625}
	EndGlobalSection
EndGlobal
